{
  "originHash" : "2540b6e033b393b7d1f79b4f0ca3a7d7a29796fd69880239039391c71b587414",
  "pins" : [
    {
      "identity" : "tetriscore",
      "kind" : "remoteSourceControl",
      "location" : "https://github.com/maxshevelev/TetrisCore",
      "state" : {
        "branch" : "main",
        "revision" : "a04a9b7977e721f3d5fb89b3ae362be08e0f0479"
      }
    }
  ],
  "version" : 3
}
