{
  "originHash" : "2540b6e033b393b7d1f79b4f0ca3a7d7a29796fd69880239039391c71b587414",
  "pins" : [
    {
      "identity" : "tetriscore",
      "kind" : "remoteSourceControl",
      "location" : "https://github.com/maxshevelev/TetrisCore",
      "state" : {
        "branch" : "main",
        "revision" : "2a67b06843731b1fb4aea71dcbb0a57b8cdf31b6"
      }
    }
  ],
  "version" : 3
}
